
Microsoft Visual Studio Solution File, Format Version 12.00
Project("{2150E333-8FDC-42A3-9474-1A3956D46DE8}") = "src", "src", "{70792077-3EA6-4E7B-9A85-593979ADA1E6}"
EndProject
Project("{2150E333-8FDC-42A3-9474-1A3956D46DE8}") = "Web", "Web", "{A9D17CD0-1525-47C8-A57C-EFF859A6638C}"
EndProject
Project("{2150E333-8FDC-42A3-9474-1A3956D46DE8}") = "Services", "Services", "{793C65E0-8E75-4BF0-9368-817AB40F457E}"
EndProject
Project("{2150E333-8FDC-42A3-9474-1A3956D46DE8}") = "Customer", "Customer", "{3C7A61C1-5ED1-4A1F-AF3B-9523160565A2}"
EndProject
Project("{2150E333-8FDC-42A3-9474-1A3956D46DE8}") = "1 - API", "1 - API", "{26E671E0-3547-494B-86F7-8DA72B706131}"
EndProject
Project("{2150E333-8FDC-42A3-9474-1A3956D46DE8}") = "2 - Application", "2 - Application", "{18AC8D12-B545-4E6D-A481-4EA92D0BD411}"
EndProject
Project("{2150E333-8FDC-42A3-9474-1A3956D46DE8}") = "3 - Domain", "3 - Domain", "{01B77618-4116-4F38-9491-D1BF9A7290C5}"
EndProject
Project("{2150E333-8FDC-42A3-9474-1A3956D46DE8}") = "4 - Infra", "4 - Infra", "{1414F46A-814B-45F3-AF79-D1F0807234F6}"
EndProject
Project("{2150E333-8FDC-42A3-9474-1A3956D46DE8}") = "5 - Tests", "5 - Tests", "{E64CD37D-66EB-4BC5-98AD-90124354835A}"
EndProject
Project("{FAE04EC0-301F-11D3-BF4B-00C04F79EFBC}") = "GrupoColorado.Customers.API", "GrupoColorado.Customers.API\GrupoColorado.Customers.API.csproj", "{FBE5E407-F703-4FF2-A99A-09D02455E0B3}"
EndProject
Project("{FAE04EC0-301F-11D3-BF4B-00C04F79EFBC}") = "GrupoColorado.Domain", "GrupoColorado.Domain\GrupoColorado.Domain.csproj", "{F2C04B9A-7AE2-43CE-AAA9-0C9C26B87A12}"
EndProject
Project("{2150E333-8FDC-42A3-9474-1A3956D46DE8}") = "4.1 - Infra.Data", "4.1 - Infra.Data", "{3D36137D-C271-4931-AE18-A3DC8C497520}"
EndProject
Project("{FAE04EC0-301F-11D3-BF4B-00C04F79EFBC}") = "GrupoColorado.Infra.Data", "GrupoColorado.Infra.Data\GrupoColorado.Infra.Data.csproj", "{6658686F-8B3C-4112-A3C4-7ECD4647586A}"
EndProject
Project("{FAE04EC0-301F-11D3-BF4B-00C04F79EFBC}") = "GrupoColorado.Application", "GrupoColorado.Application\GrupoColorado.Application.csproj", "{603BBBA0-C200-4EFF-B527-53AA61AAC2D2}"
EndProject
Project("{2150E333-8FDC-42A3-9474-1A3956D46DE8}") = "Data", "Data", "{91805727-5E6F-4F50-AF1D-73B27F706190}"
EndProject
Project("{2150E333-8FDC-42A3-9474-1A3956D46DE8}") = "script", "script", "{CE757535-D661-4359-996A-64C59D17D402}"
	ProjectSection(SolutionItems) = preProject
		scratch.sql = scratch.sql
	EndProjectSection
EndProject
Project("{FAE04EC0-301F-11D3-BF4B-00C04F79EFBC}") = "GrupoColorado.UI.Web", "GrupoColorado.UI.Web\GrupoColorado.UI.Web.csproj", "{F62F6D42-EE4E-477F-BB92-0725BEE37D22}"
EndProject
Global
	GlobalSection(SolutionConfigurationPlatforms) = preSolution
		Debug|Any CPU = Debug|Any CPU
		Release|Any CPU = Release|Any CPU
	EndGlobalSection
	GlobalSection(ProjectConfigurationPlatforms) = postSolution
		{FBE5E407-F703-4FF2-A99A-09D02455E0B3}.Debug|Any CPU.ActiveCfg = Debug|Any CPU
		{FBE5E407-F703-4FF2-A99A-09D02455E0B3}.Debug|Any CPU.Build.0 = Debug|Any CPU
		{FBE5E407-F703-4FF2-A99A-09D02455E0B3}.Release|Any CPU.ActiveCfg = Release|Any CPU
		{FBE5E407-F703-4FF2-A99A-09D02455E0B3}.Release|Any CPU.Build.0 = Release|Any CPU
		{F2C04B9A-7AE2-43CE-AAA9-0C9C26B87A12}.Debug|Any CPU.ActiveCfg = Debug|Any CPU
		{F2C04B9A-7AE2-43CE-AAA9-0C9C26B87A12}.Debug|Any CPU.Build.0 = Debug|Any CPU
		{F2C04B9A-7AE2-43CE-AAA9-0C9C26B87A12}.Release|Any CPU.ActiveCfg = Release|Any CPU
		{F2C04B9A-7AE2-43CE-AAA9-0C9C26B87A12}.Release|Any CPU.Build.0 = Release|Any CPU
		{6658686F-8B3C-4112-A3C4-7ECD4647586A}.Debug|Any CPU.ActiveCfg = Debug|Any CPU
		{6658686F-8B3C-4112-A3C4-7ECD4647586A}.Debug|Any CPU.Build.0 = Debug|Any CPU
		{6658686F-8B3C-4112-A3C4-7ECD4647586A}.Release|Any CPU.ActiveCfg = Release|Any CPU
		{6658686F-8B3C-4112-A3C4-7ECD4647586A}.Release|Any CPU.Build.0 = Release|Any CPU
		{603BBBA0-C200-4EFF-B527-53AA61AAC2D2}.Debug|Any CPU.ActiveCfg = Debug|Any CPU
		{603BBBA0-C200-4EFF-B527-53AA61AAC2D2}.Debug|Any CPU.Build.0 = Debug|Any CPU
		{603BBBA0-C200-4EFF-B527-53AA61AAC2D2}.Release|Any CPU.ActiveCfg = Release|Any CPU
		{603BBBA0-C200-4EFF-B527-53AA61AAC2D2}.Release|Any CPU.Build.0 = Release|Any CPU
		{F62F6D42-EE4E-477F-BB92-0725BEE37D22}.Debug|Any CPU.ActiveCfg = Debug|Any CPU
		{F62F6D42-EE4E-477F-BB92-0725BEE37D22}.Debug|Any CPU.Build.0 = Debug|Any CPU
		{F62F6D42-EE4E-477F-BB92-0725BEE37D22}.Release|Any CPU.ActiveCfg = Release|Any CPU
		{F62F6D42-EE4E-477F-BB92-0725BEE37D22}.Release|Any CPU.Build.0 = Release|Any CPU
	EndGlobalSection
	GlobalSection(NestedProjects) = preSolution
		{A9D17CD0-1525-47C8-A57C-EFF859A6638C} = {70792077-3EA6-4E7B-9A85-593979ADA1E6}
		{793C65E0-8E75-4BF0-9368-817AB40F457E} = {70792077-3EA6-4E7B-9A85-593979ADA1E6}
		{3C7A61C1-5ED1-4A1F-AF3B-9523160565A2} = {793C65E0-8E75-4BF0-9368-817AB40F457E}
		{26E671E0-3547-494B-86F7-8DA72B706131} = {3C7A61C1-5ED1-4A1F-AF3B-9523160565A2}
		{18AC8D12-B545-4E6D-A481-4EA92D0BD411} = {3C7A61C1-5ED1-4A1F-AF3B-9523160565A2}
		{01B77618-4116-4F38-9491-D1BF9A7290C5} = {3C7A61C1-5ED1-4A1F-AF3B-9523160565A2}
		{1414F46A-814B-45F3-AF79-D1F0807234F6} = {3C7A61C1-5ED1-4A1F-AF3B-9523160565A2}
		{E64CD37D-66EB-4BC5-98AD-90124354835A} = {3C7A61C1-5ED1-4A1F-AF3B-9523160565A2}
		{FBE5E407-F703-4FF2-A99A-09D02455E0B3} = {26E671E0-3547-494B-86F7-8DA72B706131}
		{F2C04B9A-7AE2-43CE-AAA9-0C9C26B87A12} = {01B77618-4116-4F38-9491-D1BF9A7290C5}
		{3D36137D-C271-4931-AE18-A3DC8C497520} = {1414F46A-814B-45F3-AF79-D1F0807234F6}
		{6658686F-8B3C-4112-A3C4-7ECD4647586A} = {3D36137D-C271-4931-AE18-A3DC8C497520}
		{603BBBA0-C200-4EFF-B527-53AA61AAC2D2} = {18AC8D12-B545-4E6D-A481-4EA92D0BD411}
		{91805727-5E6F-4F50-AF1D-73B27F706190} = {70792077-3EA6-4E7B-9A85-593979ADA1E6}
		{CE757535-D661-4359-996A-64C59D17D402} = {91805727-5E6F-4F50-AF1D-73B27F706190}
		{F62F6D42-EE4E-477F-BB92-0725BEE37D22} = {A9D17CD0-1525-47C8-A57C-EFF859A6638C}
	EndGlobalSection
EndGlobal
